
Microsoft Visual Studio Solution File, Format Version 12.00
# Visual Studio 14
VisualStudioVersion = 14.0.25420.1
MinimumVisualStudioVersion = 10.0.40219.1
Project("{2150E333-8FDC-42A3-9474-1A3956D46DE8}") = "src", "src", "{CB1896FB-904B-4514-8D78-72830F2D3AB3}"
EndProject
Project("{2150E333-8FDC-42A3-9474-1A3956D46DE8}") = "Solution Items", "Solution Items", "{3BDBA057-622F-4110-B616-FFE1B1BD4E11}"
	ProjectSection(SolutionItems) = preProject
		global.json = global.json
	EndProjectSection
EndProject
Project("{8BB2217D-0F2D-49D1-97BC-3654ED321F3B}") = "AltaPerspectiva.Web", "src\AltaPerspectiva.Web\AltaPerspectiva.Web.xproj", "{42480F23-10B6-46F3-AB62-3BD9BD507958}"
EndProject
Project("{8BB2217D-0F2D-49D1-97BC-3654ED321F3B}") = "AltaPerspectiva.Core", "src\AltaPerspectiva.Core\AltaPerspectiva.Core.xproj", "{8859A1CF-8714-4FCC-8BB6-1EF90ABA9F0A}"
EndProject
Project("{8BB2217D-0F2D-49D1-97BC-3654ED321F3B}") = "Questions.Command", "src\Questions.Command\Questions.Command.xproj", "{0A1C942E-5E9C-44A9-BBB9-2EDE2DA1B5F3}"
EndProject
Project("{8BB2217D-0F2D-49D1-97BC-3654ED321F3B}") = "Questions.Query", "src\Questions.Query\Questions.Query.xproj", "{D7BE233D-4786-4FE2-8E88-D15106A58CA8}"
EndProject
Project("{8BB2217D-0F2D-49D1-97BC-3654ED321F3B}") = "AltaPerspectiva.Identity", "src\AltaPerspectiva.Identity\AltaPerspectiva.Identity.xproj", "{13F7FF0B-86B3-496D-9A0A-8B188A7016B0}"
EndProject
Project("{8BB2217D-0F2D-49D1-97BC-3654ED321F3B}") = "Altaperspectiva.OpenId", "src\Altaperspectiva.OpenId\Altaperspectiva.OpenId.xproj", "{7CBEAFD2-E3D0-4424-9B78-E87AB52327A6}"
EndProject
Project("{8BB2217D-0F2D-49D1-97BC-3654ED321F3B}") = "Questions.Domain", "src\Questions.Domain\Questions.Domain.xproj", "{2402FBB1-3CD6-4EEF-A2D4-C827B7FB14E8}"
EndProject
Project("{8BB2217D-0F2D-49D1-97BC-3654ED321F3B}") = "UserProfile.Domain", "src\UserProfile.Domain\UserProfile.Domain.xproj", "{E4125587-1F4C-4E1C-9618-2524CC4564AE}"
EndProject
Project("{8BB2217D-0F2D-49D1-97BC-3654ED321F3B}") = "UserProfile.Query", "src\UserProfile.Query\UserProfile.Query.xproj", "{FBB83BF0-C645-421A-BB17-C91FDBBC6D8B}"
EndProject
Project("{8BB2217D-0F2D-49D1-97BC-3654ED321F3B}") = "UserProfile.Command", "src\UserProfile.Command\UserProfile.Command.xproj", "{E6D9D5D0-DB4B-4E50-A694-461A48BC9052}"
EndProject
Project("{8BB2217D-0F2D-49D1-97BC-3654ED321F3B}") = "Blog.Domain", "src\Blog.Domain\Blog.Domain.xproj", "{2CB81B2A-2282-40D5-9145-4C4EFDDEF0AF}"
EndProject
Project("{8BB2217D-0F2D-49D1-97BC-3654ED321F3B}") = "Blog.Query", "src\Blog.Query\Blog.Query.xproj", "{E62A2C58-7501-4F43-9182-6014F1CDCB8F}"
EndProject
Project("{8BB2217D-0F2D-49D1-97BC-3654ED321F3B}") = "Blog.Command", "src\Blog.Command\Blog.Command.xproj", "{BC9EB560-5E82-48E0-8204-79CF60B05878}"
EndProject
Global
	GlobalSection(SolutionConfigurationPlatforms) = preSolution
		Debug|Any CPU = Debug|Any CPU
		Release|Any CPU = Release|Any CPU
	EndGlobalSection
	GlobalSection(ProjectConfigurationPlatforms) = postSolution
		{42480F23-10B6-46F3-AB62-3BD9BD507958}.Debug|Any CPU.ActiveCfg = Debug|Any CPU
		{42480F23-10B6-46F3-AB62-3BD9BD507958}.Debug|Any CPU.Build.0 = Debug|Any CPU
		{42480F23-10B6-46F3-AB62-3BD9BD507958}.Release|Any CPU.ActiveCfg = Release|Any CPU
		{42480F23-10B6-46F3-AB62-3BD9BD507958}.Release|Any CPU.Build.0 = Release|Any CPU
		{8859A1CF-8714-4FCC-8BB6-1EF90ABA9F0A}.Debug|Any CPU.ActiveCfg = Debug|Any CPU
		{8859A1CF-8714-4FCC-8BB6-1EF90ABA9F0A}.Debug|Any CPU.Build.0 = Debug|Any CPU
		{8859A1CF-8714-4FCC-8BB6-1EF90ABA9F0A}.Release|Any CPU.ActiveCfg = Release|Any CPU
		{8859A1CF-8714-4FCC-8BB6-1EF90ABA9F0A}.Release|Any CPU.Build.0 = Release|Any CPU
		{0A1C942E-5E9C-44A9-BBB9-2EDE2DA1B5F3}.Debug|Any CPU.ActiveCfg = Debug|Any CPU
		{0A1C942E-5E9C-44A9-BBB9-2EDE2DA1B5F3}.Debug|Any CPU.Build.0 = Debug|Any CPU
		{0A1C942E-5E9C-44A9-BBB9-2EDE2DA1B5F3}.Release|Any CPU.ActiveCfg = Release|Any CPU
		{0A1C942E-5E9C-44A9-BBB9-2EDE2DA1B5F3}.Release|Any CPU.Build.0 = Release|Any CPU
		{D7BE233D-4786-4FE2-8E88-D15106A58CA8}.Debug|Any CPU.ActiveCfg = Debug|Any CPU
		{D7BE233D-4786-4FE2-8E88-D15106A58CA8}.Debug|Any CPU.Build.0 = Debug|Any CPU
		{D7BE233D-4786-4FE2-8E88-D15106A58CA8}.Release|Any CPU.ActiveCfg = Release|Any CPU
		{D7BE233D-4786-4FE2-8E88-D15106A58CA8}.Release|Any CPU.Build.0 = Release|Any CPU
		{13F7FF0B-86B3-496D-9A0A-8B188A7016B0}.Debug|Any CPU.ActiveCfg = Debug|Any CPU
		{13F7FF0B-86B3-496D-9A0A-8B188A7016B0}.Debug|Any CPU.Build.0 = Debug|Any CPU
		{13F7FF0B-86B3-496D-9A0A-8B188A7016B0}.Release|Any CPU.ActiveCfg = Release|Any CPU
		{13F7FF0B-86B3-496D-9A0A-8B188A7016B0}.Release|Any CPU.Build.0 = Release|Any CPU
		{7CBEAFD2-E3D0-4424-9B78-E87AB52327A6}.Debug|Any CPU.ActiveCfg = Debug|Any CPU
		{7CBEAFD2-E3D0-4424-9B78-E87AB52327A6}.Debug|Any CPU.Build.0 = Debug|Any CPU
		{7CBEAFD2-E3D0-4424-9B78-E87AB52327A6}.Release|Any CPU.ActiveCfg = Release|Any CPU
		{7CBEAFD2-E3D0-4424-9B78-E87AB52327A6}.Release|Any CPU.Build.0 = Release|Any CPU
		{2402FBB1-3CD6-4EEF-A2D4-C827B7FB14E8}.Debug|Any CPU.ActiveCfg = Debug|Any CPU
		{2402FBB1-3CD6-4EEF-A2D4-C827B7FB14E8}.Debug|Any CPU.Build.0 = Debug|Any CPU
		{2402FBB1-3CD6-4EEF-A2D4-C827B7FB14E8}.Release|Any CPU.ActiveCfg = Release|Any CPU
		{2402FBB1-3CD6-4EEF-A2D4-C827B7FB14E8}.Release|Any CPU.Build.0 = Release|Any CPU
		{E4125587-1F4C-4E1C-9618-2524CC4564AE}.Debug|Any CPU.ActiveCfg = Debug|Any CPU
		{E4125587-1F4C-4E1C-9618-2524CC4564AE}.Debug|Any CPU.Build.0 = Debug|Any CPU
		{E4125587-1F4C-4E1C-9618-2524CC4564AE}.Release|Any CPU.ActiveCfg = Release|Any CPU
		{E4125587-1F4C-4E1C-9618-2524CC4564AE}.Release|Any CPU.Build.0 = Release|Any CPU
		{FBB83BF0-C645-421A-BB17-C91FDBBC6D8B}.Debug|Any CPU.ActiveCfg = Debug|Any CPU
		{FBB83BF0-C645-421A-BB17-C91FDBBC6D8B}.Debug|Any CPU.Build.0 = Debug|Any CPU
		{FBB83BF0-C645-421A-BB17-C91FDBBC6D8B}.Release|Any CPU.ActiveCfg = Release|Any CPU
		{FBB83BF0-C645-421A-BB17-C91FDBBC6D8B}.Release|Any CPU.Build.0 = Release|Any CPU
		{E6D9D5D0-DB4B-4E50-A694-461A48BC9052}.Debug|Any CPU.ActiveCfg = Debug|Any CPU
		{E6D9D5D0-DB4B-4E50-A694-461A48BC9052}.Debug|Any CPU.Build.0 = Debug|Any CPU
		{E6D9D5D0-DB4B-4E50-A694-461A48BC9052}.Release|Any CPU.ActiveCfg = Release|Any CPU
		{E6D9D5D0-DB4B-4E50-A694-461A48BC9052}.Release|Any CPU.Build.0 = Release|Any CPU
		{2CB81B2A-2282-40D5-9145-4C4EFDDEF0AF}.Debug|Any CPU.ActiveCfg = Debug|Any CPU
		{2CB81B2A-2282-40D5-9145-4C4EFDDEF0AF}.Debug|Any CPU.Build.0 = Debug|Any CPU
		{2CB81B2A-2282-40D5-9145-4C4EFDDEF0AF}.Release|Any CPU.ActiveCfg = Release|Any CPU
		{2CB81B2A-2282-40D5-9145-4C4EFDDEF0AF}.Release|Any CPU.Build.0 = Release|Any CPU
		{E62A2C58-7501-4F43-9182-6014F1CDCB8F}.Debug|Any CPU.ActiveCfg = Debug|Any CPU
		{E62A2C58-7501-4F43-9182-6014F1CDCB8F}.Debug|Any CPU.Build.0 = Debug|Any CPU
		{E62A2C58-7501-4F43-9182-6014F1CDCB8F}.Release|Any CPU.ActiveCfg = Release|Any CPU
		{E62A2C58-7501-4F43-9182-6014F1CDCB8F}.Release|Any CPU.Build.0 = Release|Any CPU
		{BC9EB560-5E82-48E0-8204-79CF60B05878}.Debug|Any CPU.ActiveCfg = Debug|Any CPU
		{BC9EB560-5E82-48E0-8204-79CF60B05878}.Debug|Any CPU.Build.0 = Debug|Any CPU
		{BC9EB560-5E82-48E0-8204-79CF60B05878}.Release|Any CPU.ActiveCfg = Release|Any CPU
		{BC9EB560-5E82-48E0-8204-79CF60B05878}.Release|Any CPU.Build.0 = Release|Any CPU
	EndGlobalSection
	GlobalSection(SolutionProperties) = preSolution
		HideSolutionNode = FALSE
	EndGlobalSection
	GlobalSection(NestedProjects) = preSolution
		{42480F23-10B6-46F3-AB62-3BD9BD507958} = {CB1896FB-904B-4514-8D78-72830F2D3AB3}
		{8859A1CF-8714-4FCC-8BB6-1EF90ABA9F0A} = {CB1896FB-904B-4514-8D78-72830F2D3AB3}
		{0A1C942E-5E9C-44A9-BBB9-2EDE2DA1B5F3} = {CB1896FB-904B-4514-8D78-72830F2D3AB3}
		{D7BE233D-4786-4FE2-8E88-D15106A58CA8} = {CB1896FB-904B-4514-8D78-72830F2D3AB3}
		{13F7FF0B-86B3-496D-9A0A-8B188A7016B0} = {CB1896FB-904B-4514-8D78-72830F2D3AB3}
		{7CBEAFD2-E3D0-4424-9B78-E87AB52327A6} = {CB1896FB-904B-4514-8D78-72830F2D3AB3}
		{2402FBB1-3CD6-4EEF-A2D4-C827B7FB14E8} = {CB1896FB-904B-4514-8D78-72830F2D3AB3}
		{E4125587-1F4C-4E1C-9618-2524CC4564AE} = {CB1896FB-904B-4514-8D78-72830F2D3AB3}
		{FBB83BF0-C645-421A-BB17-C91FDBBC6D8B} = {CB1896FB-904B-4514-8D78-72830F2D3AB3}
		{E6D9D5D0-DB4B-4E50-A694-461A48BC9052} = {CB1896FB-904B-4514-8D78-72830F2D3AB3}
		{2CB81B2A-2282-40D5-9145-4C4EFDDEF0AF} = {CB1896FB-904B-4514-8D78-72830F2D3AB3}
		{E62A2C58-7501-4F43-9182-6014F1CDCB8F} = {CB1896FB-904B-4514-8D78-72830F2D3AB3}
		{BC9EB560-5E82-48E0-8204-79CF60B05878} = {CB1896FB-904B-4514-8D78-72830F2D3AB3}
	EndGlobalSection
EndGlobal
